// !$*UTF8*$!
{
	archiveVersion = 1;
	classes = {
	};
	objectVersion = 55;
	objects = {

/* Begin PBXBuildFile section */
		C50AAE1B27B3CC29007464A0 /* EnterTextView.swift in Sources */ = {isa = PBXBuildFile; fileRef = C50AAE1A27B3CC29007464A0 /* EnterTextView.swift */; };
		C57512CF27C8E993002B6E84 /* RootTabView.swift in Sources */ = {isa = PBXBuildFile; fileRef = C57512CE27C8E992002B6E84 /* RootTabView.swift */; };
		C57512D127C8E9A5002B6E84 /* PastCommentView.swift in Sources */ = {isa = PBXBuildFile; fileRef = C57512D027C8E9A5002B6E84 /* PastCommentView.swift */; };
		C57512D327C8EB43002B6E84 /* StateController.swift in Sources */ = {isa = PBXBuildFile; fileRef = C57512D227C8EB43002B6E84 /* StateController.swift */; };
		C57512D627C8EF62002B6E84 /* Date.swift in Sources */ = {isa = PBXBuildFile; fileRef = C57512D527C8EF62002B6E84 /* Date.swift */; };
		C5BD48C027AD4C5100D55FFD /* CommentCardWriterApp.swift in Sources */ = {isa = PBXBuildFile; fileRef = C5BD48BF27AD4C5100D55FFD /* CommentCardWriterApp.swift */; };
		C5BD48C227AD4C5100D55FFD /* GeneratorView.swift in Sources */ = {isa = PBXBuildFile; fileRef = C5BD48C127AD4C5100D55FFD /* GeneratorView.swift */; };
		C5BD48C427AD4C5300D55FFD /* Assets.xcassets in Resources */ = {isa = PBXBuildFile; fileRef = C5BD48C327AD4C5300D55FFD /* Assets.xcassets */; };
		C5BD48C727AD4C5300D55FFD /* Preview Assets.xcassets in Resources */ = {isa = PBXBuildFile; fileRef = C5BD48C627AD4C5300D55FFD /* Preview Assets.xcassets */; };
		C5BD48D127AD4C5300D55FFD /* CommentCardWriterTests.swift in Sources */ = {isa = PBXBuildFile; fileRef = C5BD48D027AD4C5300D55FFD /* CommentCardWriterTests.swift */; };
		C5BD48DB27AD4C5300D55FFD /* CommentCardWriterUITests.swift in Sources */ = {isa = PBXBuildFile; fileRef = C5BD48DA27AD4C5300D55FFD /* CommentCardWriterUITests.swift */; };
		C5BD48DD27AD4C5300D55FFD /* CommentCardWriterUITestsLaunchTests.swift in Sources */ = {isa = PBXBuildFile; fileRef = C5BD48DC27AD4C5300D55FFD /* CommentCardWriterUITestsLaunchTests.swift */; };
		C5BD48EB27AD4D4A00D55FFD /* CommentData.swift in Sources */ = {isa = PBXBuildFile; fileRef = C5BD48EA27AD4D4A00D55FFD /* CommentData.swift */; };
		C5BD48ED27AD4E3F00D55FFD /* CommentGenerator.swift in Sources */ = {isa = PBXBuildFile; fileRef = C5BD48EC27AD4E3F00D55FFD /* CommentGenerator.swift */; };
		C5BD48EF27AD50D000D55FFD /* Comment.swift in Sources */ = {isa = PBXBuildFile; fileRef = C5BD48EE27AD50D000D55FFD /* Comment.swift */; };
		C5BD48F227AD545E00D55FFD /* IntPicker.swift in Sources */ = {isa = PBXBuildFile; fileRef = C5BD48F127AD545E00D55FFD /* IntPicker.swift */; };
/* End PBXBuildFile section */

/* Begin PBXContainerItemProxy section */
		C5BD48CD27AD4C5300D55FFD /* PBXContainerItemProxy */ = {
			isa = PBXContainerItemProxy;
			containerPortal = C5BD48B427AD4C5100D55FFD /* Project object */;
			proxyType = 1;
			remoteGlobalIDString = C5BD48BB27AD4C5100D55FFD;
			remoteInfo = CommentCardWriter;
		};
		C5BD48D727AD4C5300D55FFD /* PBXContainerItemProxy */ = {
			isa = PBXContainerItemProxy;
			containerPortal = C5BD48B427AD4C5100D55FFD /* Project object */;
			proxyType = 1;
			remoteGlobalIDString = C5BD48BB27AD4C5100D55FFD;
			remoteInfo = CommentCardWriter;
		};
/* End PBXContainerItemProxy section */

/* Begin PBXFileReference section */
		C50AAE1A27B3CC29007464A0 /* EnterTextView.swift */ = {isa = PBXFileReference; lastKnownFileType = sourcecode.swift; path = EnterTextView.swift; sourceTree = "<group>"; };
		C57512CE27C8E992002B6E84 /* RootTabView.swift */ = {isa = PBXFileReference; lastKnownFileType = sourcecode.swift; path = RootTabView.swift; sourceTree = "<group>"; };
		C57512D027C8E9A5002B6E84 /* PastCommentView.swift */ = {isa = PBXFileReference; lastKnownFileType = sourcecode.swift; path = PastCommentView.swift; sourceTree = "<group>"; };
		C57512D227C8EB43002B6E84 /* StateController.swift */ = {isa = PBXFileReference; lastKnownFileType = sourcecode.swift; path = StateController.swift; sourceTree = "<group>"; };
		C57512D527C8EF62002B6E84 /* Date.swift */ = {isa = PBXFileReference; lastKnownFileType = sourcecode.swift; path = Date.swift; sourceTree = "<group>"; };
		C5BD48BC27AD4C5100D55FFD /* CommentCardWriter.app */ = {isa = PBXFileReference; explicitFileType = wrapper.application; includeInIndex = 0; path = CommentCardWriter.app; sourceTree = BUILT_PRODUCTS_DIR; };
		C5BD48BF27AD4C5100D55FFD /* CommentCardWriterApp.swift */ = {isa = PBXFileReference; lastKnownFileType = sourcecode.swift; path = CommentCardWriterApp.swift; sourceTree = "<group>"; };
		C5BD48C127AD4C5100D55FFD /* GeneratorView.swift */ = {isa = PBXFileReference; lastKnownFileType = sourcecode.swift; path = GeneratorView.swift; sourceTree = "<group>"; };
		C5BD48C327AD4C5300D55FFD /* Assets.xcassets */ = {isa = PBXFileReference; lastKnownFileType = folder.assetcatalog; path = Assets.xcassets; sourceTree = "<group>"; };
		C5BD48C627AD4C5300D55FFD /* Preview Assets.xcassets */ = {isa = PBXFileReference; lastKnownFileType = folder.assetcatalog; path = "Preview Assets.xcassets"; sourceTree = "<group>"; };
		C5BD48CC27AD4C5300D55FFD /* CommentCardWriterTests.xctest */ = {isa = PBXFileReference; explicitFileType = wrapper.cfbundle; includeInIndex = 0; path = CommentCardWriterTests.xctest; sourceTree = BUILT_PRODUCTS_DIR; };
		C5BD48D027AD4C5300D55FFD /* CommentCardWriterTests.swift */ = {isa = PBXFileReference; lastKnownFileType = sourcecode.swift; path = CommentCardWriterTests.swift; sourceTree = "<group>"; };
		C5BD48D627AD4C5300D55FFD /* CommentCardWriterUITests.xctest */ = {isa = PBXFileReference; explicitFileType = wrapper.cfbundle; includeInIndex = 0; path = CommentCardWriterUITests.xctest; sourceTree = BUILT_PRODUCTS_DIR; };
		C5BD48DA27AD4C5300D55FFD /* CommentCardWriterUITests.swift */ = {isa = PBXFileReference; lastKnownFileType = sourcecode.swift; path = CommentCardWriterUITests.swift; sourceTree = "<group>"; };
		C5BD48DC27AD4C5300D55FFD /* CommentCardWriterUITestsLaunchTests.swift */ = {isa = PBXFileReference; lastKnownFileType = sourcecode.swift; path = CommentCardWriterUITestsLaunchTests.swift; sourceTree = "<group>"; };
		C5BD48EA27AD4D4A00D55FFD /* CommentData.swift */ = {isa = PBXFileReference; lastKnownFileType = sourcecode.swift; path = CommentData.swift; sourceTree = "<group>"; };
		C5BD48EC27AD4E3F00D55FFD /* CommentGenerator.swift */ = {isa = PBXFileReference; lastKnownFileType = sourcecode.swift; path = CommentGenerator.swift; sourceTree = "<group>"; };
		C5BD48EE27AD50D000D55FFD /* Comment.swift */ = {isa = PBXFileReference; lastKnownFileType = sourcecode.swift; path = Comment.swift; sourceTree = "<group>"; };
		C5BD48F127AD545E00D55FFD /* IntPicker.swift */ = {isa = PBXFileReference; lastKnownFileType = sourcecode.swift; path = IntPicker.swift; sourceTree = "<group>"; };
/* End PBXFileReference section */

/* Begin PBXFrameworksBuildPhase section */
		C5BD48B927AD4C5100D55FFD /* Frameworks */ = {
			isa = PBXFrameworksBuildPhase;
			buildActionMask = 2147483647;
			files = (
			);
			runOnlyForDeploymentPostprocessing = 0;
		};
		C5BD48C927AD4C5300D55FFD /* Frameworks */ = {
			isa = PBXFrameworksBuildPhase;
			buildActionMask = 2147483647;
			files = (
			);
			runOnlyForDeploymentPostprocessing = 0;
		};
		C5BD48D327AD4C5300D55FFD /* Frameworks */ = {
			isa = PBXFrameworksBuildPhase;
			buildActionMask = 2147483647;
			files = (
			);
			runOnlyForDeploymentPostprocessing = 0;
		};
/* End PBXFrameworksBuildPhase section */

/* Begin PBXGroup section */
		C57512D427C8EF34002B6E84 /* Extensions */ = {
			isa = PBXGroup;
			children = (
				C57512D527C8EF62002B6E84 /* Date.swift */,
			);
			path = Extensions;
			sourceTree = "<group>";
		};
		C5BD48B327AD4C5100D55FFD = {
			isa = PBXGroup;
			children = (
				C5BD48BE27AD4C5100D55FFD /* CommentCardWriter */,
				C5BD48CF27AD4C5300D55FFD /* CommentCardWriterTests */,
				C5BD48D927AD4C5300D55FFD /* CommentCardWriterUITests */,
				C5BD48BD27AD4C5100D55FFD /* Products */,
			);
			sourceTree = "<group>";
		};
		C5BD48BD27AD4C5100D55FFD /* Products */ = {
			isa = PBXGroup;
			children = (
				C5BD48BC27AD4C5100D55FFD /* CommentCardWriter.app */,
				C5BD48CC27AD4C5300D55FFD /* CommentCardWriterTests.xctest */,
				C5BD48D627AD4C5300D55FFD /* CommentCardWriterUITests.xctest */,
			);
			name = Products;
			sourceTree = "<group>";
		};
		C5BD48BE27AD4C5100D55FFD /* CommentCardWriter */ = {
			isa = PBXGroup;
			children = (
				C57512D427C8EF34002B6E84 /* Extensions */,
				C5BD48F027AD533600D55FFD /* View */,
				C5BD48E927AD4CD100D55FFD /* Model */,
				C5BD48BF27AD4C5100D55FFD /* CommentCardWriterApp.swift */,
				C57512D227C8EB43002B6E84 /* StateController.swift */,
				C5BD48C327AD4C5300D55FFD /* Assets.xcassets */,
				C5BD48C527AD4C5300D55FFD /* Preview Content */,
			);
			path = CommentCardWriter;
			sourceTree = "<group>";
		};
		C5BD48C527AD4C5300D55FFD /* Preview Content */ = {
			isa = PBXGroup;
			children = (
				C5BD48C627AD4C5300D55FFD /* Preview Assets.xcassets */,
			);
			path = "Preview Content";
			sourceTree = "<group>";
		};
		C5BD48CF27AD4C5300D55FFD /* CommentCardWriterTests */ = {
			isa = PBXGroup;
			children = (
				C5BD48D027AD4C5300D55FFD /* CommentCardWriterTests.swift */,
			);
			path = CommentCardWriterTests;
			sourceTree = "<group>";
		};
		C5BD48D927AD4C5300D55FFD /* CommentCardWriterUITests */ = {
			isa = PBXGroup;
			children = (
				C5BD48DA27AD4C5300D55FFD /* CommentCardWriterUITests.swift */,
				C5BD48DC27AD4C5300D55FFD /* CommentCardWriterUITestsLaunchTests.swift */,
			);
			path = CommentCardWriterUITests;
			sourceTree = "<group>";
		};
		C5BD48E927AD4CD100D55FFD /* Model */ = {
			isa = PBXGroup;
			children = (
				C5BD48EA27AD4D4A00D55FFD /* CommentData.swift */,
				C5BD48EC27AD4E3F00D55FFD /* CommentGenerator.swift */,
				C5BD48EE27AD50D000D55FFD /* Comment.swift */,
			);
			path = Model;
			sourceTree = "<group>";
		};
		C5BD48F027AD533600D55FFD /* View */ = {
			isa = PBXGroup;
			children = (
				C5BD48C127AD4C5100D55FFD /* GeneratorView.swift */,
				C5BD48F127AD545E00D55FFD /* IntPicker.swift */,
				C50AAE1A27B3CC29007464A0 /* EnterTextView.swift */,
				C57512CE27C8E992002B6E84 /* RootTabView.swift */,
				C57512D027C8E9A5002B6E84 /* PastCommentView.swift */,
			);
			path = View;
			sourceTree = "<group>";
		};
/* End PBXGroup section */

/* Begin PBXNativeTarget section */
		C5BD48BB27AD4C5100D55FFD /* CommentCardWriter */ = {
			isa = PBXNativeTarget;
			buildConfigurationList = C5BD48E027AD4C5300D55FFD /* Build configuration list for PBXNativeTarget "CommentCardWriter" */;
			buildPhases = (
				C5BD48B827AD4C5100D55FFD /* Sources */,
				C5BD48B927AD4C5100D55FFD /* Frameworks */,
				C5BD48BA27AD4C5100D55FFD /* Resources */,
			);
			buildRules = (
			);
			dependencies = (
			);
			name = CommentCardWriter;
			productName = CommentCardWriter;
			productReference = C5BD48BC27AD4C5100D55FFD /* CommentCardWriter.app */;
			productType = "com.apple.product-type.application";
		};
		C5BD48CB27AD4C5300D55FFD /* CommentCardWriterTests */ = {
			isa = PBXNativeTarget;
			buildConfigurationList = C5BD48E327AD4C5300D55FFD /* Build configuration list for PBXNativeTarget "CommentCardWriterTests" */;
			buildPhases = (
				C5BD48C827AD4C5300D55FFD /* Sources */,
				C5BD48C927AD4C5300D55FFD /* Frameworks */,
				C5BD48CA27AD4C5300D55FFD /* Resources */,
			);
			buildRules = (
			);
			dependencies = (
				C5BD48CE27AD4C5300D55FFD /* PBXTargetDependency */,
			);
			name = CommentCardWriterTests;
			productName = CommentCardWriterTests;
			productReference = C5BD48CC27AD4C5300D55FFD /* CommentCardWriterTests.xctest */;
			productType = "com.apple.product-type.bundle.unit-test";
		};
		C5BD48D527AD4C5300D55FFD /* CommentCardWriterUITests */ = {
			isa = PBXNativeTarget;
			buildConfigurationList = C5BD48E627AD4C5300D55FFD /* Build configuration list for PBXNativeTarget "CommentCardWriterUITests" */;
			buildPhases = (
				C5BD48D227AD4C5300D55FFD /* Sources */,
				C5BD48D327AD4C5300D55FFD /* Frameworks */,
				C5BD48D427AD4C5300D55FFD /* Resources */,
			);
			buildRules = (
			);
			dependencies = (
				C5BD48D827AD4C5300D55FFD /* PBXTargetDependency */,
			);
			name = CommentCardWriterUITests;
			productName = CommentCardWriterUITests;
			productReference = C5BD48D627AD4C5300D55FFD /* CommentCardWriterUITests.xctest */;
			productType = "com.apple.product-type.bundle.ui-testing";
		};
/* End PBXNativeTarget section */

/* Begin PBXProject section */
		C5BD48B427AD4C5100D55FFD /* Project object */ = {
			isa = PBXProject;
			attributes = {
				BuildIndependentTargetsInParallel = 1;
				LastSwiftUpdateCheck = 1320;
				LastUpgradeCheck = 1320;
				TargetAttributes = {
					C5BD48BB27AD4C5100D55FFD = {
						CreatedOnToolsVersion = 13.2.1;
					};
					C5BD48CB27AD4C5300D55FFD = {
						CreatedOnToolsVersion = 13.2.1;
						TestTargetID = C5BD48BB27AD4C5100D55FFD;
					};
					C5BD48D527AD4C5300D55FFD = {
						CreatedOnToolsVersion = 13.2.1;
						TestTargetID = C5BD48BB27AD4C5100D55FFD;
					};
				};
			};
			buildConfigurationList = C5BD48B727AD4C5100D55FFD /* Build configuration list for PBXProject "CommentCardWriter" */;
			compatibilityVersion = "Xcode 13.0";
			developmentRegion = en;
			hasScannedForEncodings = 0;
			knownRegions = (
				en,
				Base,
			);
			mainGroup = C5BD48B327AD4C5100D55FFD;
			productRefGroup = C5BD48BD27AD4C5100D55FFD /* Products */;
			projectDirPath = "";
			projectRoot = "";
			targets = (
				C5BD48BB27AD4C5100D55FFD /* CommentCardWriter */,
				C5BD48CB27AD4C5300D55FFD /* CommentCardWriterTests */,
				C5BD48D527AD4C5300D55FFD /* CommentCardWriterUITests */,
			);
		};
/* End PBXProject section */

/* Begin PBXResourcesBuildPhase section */
		C5BD48BA27AD4C5100D55FFD /* Resources */ = {
			isa = PBXResourcesBuildPhase;
			buildActionMask = 2147483647;
			files = (
				C5BD48C727AD4C5300D55FFD /* Preview Assets.xcassets in Resources */,
				C5BD48C427AD4C5300D55FFD /* Assets.xcassets in Resources */,
			);
			runOnlyForDeploymentPostprocessing = 0;
		};
		C5BD48CA27AD4C5300D55FFD /* Resources */ = {
			isa = PBXResourcesBuildPhase;
			buildActionMask = 2147483647;
			files = (
			);
			runOnlyForDeploymentPostprocessing = 0;
		};
		C5BD48D427AD4C5300D55FFD /* Resources */ = {
			isa = PBXResourcesBuildPhase;
			buildActionMask = 2147483647;
			files = (
			);
			runOnlyForDeploymentPostprocessing = 0;
		};
/* End PBXResourcesBuildPhase section */

/* Begin PBXSourcesBuildPhase section */
		C5BD48B827AD4C5100D55FFD /* Sources */ = {
			isa = PBXSourcesBuildPhase;
			buildActionMask = 2147483647;
			files = (
				C5BD48EF27AD50D000D55FFD /* Comment.swift in Sources */,
				C5BD48C227AD4C5100D55FFD /* GeneratorView.swift in Sources */,
				C57512D127C8E9A5002B6E84 /* PastCommentView.swift in Sources */,
				C57512CF27C8E993002B6E84 /* RootTabView.swift in Sources */,
				C5BD48EB27AD4D4A00D55FFD /* CommentData.swift in Sources */,
				C5BD48F227AD545E00D55FFD /* IntPicker.swift in Sources */,
				C5BD48C027AD4C5100D55FFD /* CommentCardWriterApp.swift in Sources */,
				C5BD48ED27AD4E3F00D55FFD /* CommentGenerator.swift in Sources */,
				C57512D627C8EF62002B6E84 /* Date.swift in Sources */,
				C50AAE1B27B3CC29007464A0 /* EnterTextView.swift in Sources */,
				C57512D327C8EB43002B6E84 /* StateController.swift in Sources */,
			);
			runOnlyForDeploymentPostprocessing = 0;
		};
		C5BD48C827AD4C5300D55FFD /* Sources */ = {
			isa = PBXSourcesBuildPhase;
			buildActionMask = 2147483647;
			files = (
				C5BD48D127AD4C5300D55FFD /* CommentCardWriterTests.swift in Sources */,
			);
			runOnlyForDeploymentPostprocessing = 0;
		};
		C5BD48D227AD4C5300D55FFD /* Sources */ = {
			isa = PBXSourcesBuildPhase;
			buildActionMask = 2147483647;
			files = (
				C5BD48DB27AD4C5300D55FFD /* CommentCardWriterUITests.swift in Sources */,
				C5BD48DD27AD4C5300D55FFD /* CommentCardWriterUITestsLaunchTests.swift in Sources */,
			);
			runOnlyForDeploymentPostprocessing = 0;
		};
/* End PBXSourcesBuildPhase section */

/* Begin PBXTargetDependency section */
		C5BD48CE27AD4C5300D55FFD /* PBXTargetDependency */ = {
			isa = PBXTargetDependency;
			target = C5BD48BB27AD4C5100D55FFD /* CommentCardWriter */;
			targetProxy = C5BD48CD27AD4C5300D55FFD /* PBXContainerItemProxy */;
		};
		C5BD48D827AD4C5300D55FFD /* PBXTargetDependency */ = {
			isa = PBXTargetDependency;
			target = C5BD48BB27AD4C5100D55FFD /* CommentCardWriter */;
			targetProxy = C5BD48D727AD4C5300D55FFD /* PBXContainerItemProxy */;
		};
/* End PBXTargetDependency section */

/* Begin XCBuildConfiguration section */
		C5BD48DE27AD4C5300D55FFD /* Debug */ = {
			isa = XCBuildConfiguration;
			buildSettings = {
				ALWAYS_SEARCH_USER_PATHS = NO;
				CLANG_ANALYZER_NONNULL = YES;
				CLANG_ANALYZER_NUMBER_OBJECT_CONVERSION = YES_AGGRESSIVE;
				CLANG_CXX_LANGUAGE_STANDARD = "gnu++17";
				CLANG_CXX_LIBRARY = "libc++";
				CLANG_ENABLE_MODULES = YES;
				CLANG_ENABLE_OBJC_ARC = YES;
				CLANG_ENABLE_OBJC_WEAK = YES;
				CLANG_WARN_BLOCK_CAPTURE_AUTORELEASING = YES;
				CLANG_WARN_BOOL_CONVERSION = YES;
				CLANG_WARN_COMMA = YES;
				CLANG_WARN_CONSTANT_CONVERSION = YES;
				CLANG_WARN_DEPRECATED_OBJC_IMPLEMENTATIONS = YES;
				CLANG_WARN_DIRECT_OBJC_ISA_USAGE = YES_ERROR;
				CLANG_WARN_DOCUMENTATION_COMMENTS = YES;
				CLANG_WARN_EMPTY_BODY = YES;
				CLANG_WARN_ENUM_CONVERSION = YES;
				CLANG_WARN_INFINITE_RECURSION = YES;
				CLANG_WARN_INT_CONVERSION = YES;
				CLANG_WARN_NON_LITERAL_NULL_CONVERSION = YES;
				CLANG_WARN_OBJC_IMPLICIT_RETAIN_SELF = YES;
				CLANG_WARN_OBJC_LITERAL_CONVERSION = YES;
				CLANG_WARN_OBJC_ROOT_CLASS = YES_ERROR;
				CLANG_WARN_QUOTED_INCLUDE_IN_FRAMEWORK_HEADER = YES;
				CLANG_WARN_RANGE_LOOP_ANALYSIS = YES;
				CLANG_WARN_STRICT_PROTOTYPES = YES;
				CLANG_WARN_SUSPICIOUS_MOVE = YES;
				CLANG_WARN_UNGUARDED_AVAILABILITY = YES_AGGRESSIVE;
				CLANG_WARN_UNREACHABLE_CODE = YES;
				CLANG_WARN__DUPLICATE_METHOD_MATCH = YES;
				COPY_PHASE_STRIP = NO;
				DEBUG_INFORMATION_FORMAT = dwarf;
				ENABLE_STRICT_OBJC_MSGSEND = YES;
				ENABLE_TESTABILITY = YES;
				GCC_C_LANGUAGE_STANDARD = gnu11;
				GCC_DYNAMIC_NO_PIC = NO;
				GCC_NO_COMMON_BLOCKS = YES;
				GCC_OPTIMIZATION_LEVEL = 0;
				GCC_PREPROCESSOR_DEFINITIONS = (
					"DEBUG=1",
					"$(inherited)",
				);
				GCC_WARN_64_TO_32_BIT_CONVERSION = YES;
				GCC_WARN_ABOUT_RETURN_TYPE = YES_ERROR;
				GCC_WARN_UNDECLARED_SELECTOR = YES;
				GCC_WARN_UNINITIALIZED_AUTOS = YES_AGGRESSIVE;
				GCC_WARN_UNUSED_FUNCTION = YES;
				GCC_WARN_UNUSED_VARIABLE = YES;
				IPHONEOS_DEPLOYMENT_TARGET = 15.2;
				MTL_ENABLE_DEBUG_INFO = INCLUDE_SOURCE;
				MTL_FAST_MATH = YES;
				ONLY_ACTIVE_ARCH = YES;
				SDKROOT = iphoneos;
				SWIFT_ACTIVE_COMPILATION_CONDITIONS = DEBUG;
				SWIFT_OPTIMIZATION_LEVEL = "-Onone";
			};
			name = Debug;
		};
		C5BD48DF27AD4C5300D55FFD /* Release */ = {
			isa = XCBuildConfiguration;
			buildSettings = {
				ALWAYS_SEARCH_USER_PATHS = NO;
				CLANG_ANALYZER_NONNULL = YES;
				CLANG_ANALYZER_NUMBER_OBJECT_CONVERSION = YES_AGGRESSIVE;
				CLANG_CXX_LANGUAGE_STANDARD = "gnu++17";
				CLANG_CXX_LIBRARY = "libc++";
				CLANG_ENABLE_MODULES = YES;
				CLANG_ENABLE_OBJC_ARC = YES;
				CLANG_ENABLE_OBJC_WEAK = YES;
				CLANG_WARN_BLOCK_CAPTURE_AUTORELEASING = YES;
				CLANG_WARN_BOOL_CONVERSION = YES;
				CLANG_WARN_COMMA = YES;
				CLANG_WARN_CONSTANT_CONVERSION = YES;
				CLANG_WARN_DEPRECATED_OBJC_IMPLEMENTATIONS = YES;
				CLANG_WARN_DIRECT_OBJC_ISA_USAGE = YES_ERROR;
				CLANG_WARN_DOCUMENTATION_COMMENTS = YES;
				CLANG_WARN_EMPTY_BODY = YES;
				CLANG_WARN_ENUM_CONVERSION = YES;
				CLANG_WARN_INFINITE_RECURSION = YES;
				CLANG_WARN_INT_CONVERSION = YES;
				CLANG_WARN_NON_LITERAL_NULL_CONVERSION = YES;
				CLANG_WARN_OBJC_IMPLICIT_RETAIN_SELF = YES;
				CLANG_WARN_OBJC_LITERAL_CONVERSION = YES;
				CLANG_WARN_OBJC_ROOT_CLASS = YES_ERROR;
				CLANG_WARN_QUOTED_INCLUDE_IN_FRAMEWORK_HEADER = YES;
				CLANG_WARN_RANGE_LOOP_ANALYSIS = YES;
				CLANG_WARN_STRICT_PROTOTYPES = YES;
				CLANG_WARN_SUSPICIOUS_MOVE = YES;
				CLANG_WARN_UNGUARDED_AVAILABILITY = YES_AGGRESSIVE;
				CLANG_WARN_UNREACHABLE_CODE = YES;
				CLANG_WARN__DUPLICATE_METHOD_MATCH = YES;
				COPY_PHASE_STRIP = NO;
				DEBUG_INFORMATION_FORMAT = "dwarf-with-dsym";
				ENABLE_NS_ASSERTIONS = NO;
				ENABLE_STRICT_OBJC_MSGSEND = YES;
				GCC_C_LANGUAGE_STANDARD = gnu11;
				GCC_NO_COMMON_BLOCKS = YES;
				GCC_WARN_64_TO_32_BIT_CONVERSION = YES;
				GCC_WARN_ABOUT_RETURN_TYPE = YES_ERROR;
				GCC_WARN_UNDECLARED_SELECTOR = YES;
				GCC_WARN_UNINITIALIZED_AUTOS = YES_AGGRESSIVE;
				GCC_WARN_UNUSED_FUNCTION = YES;
				GCC_WARN_UNUSED_VARIABLE = YES;
				IPHONEOS_DEPLOYMENT_TARGET = 15.2;
				MTL_ENABLE_DEBUG_INFO = NO;
				MTL_FAST_MATH = YES;
				SDKROOT = iphoneos;
				SWIFT_COMPILATION_MODE = wholemodule;
				SWIFT_OPTIMIZATION_LEVEL = "-O";
				VALIDATE_PRODUCT = YES;
			};
			name = Release;
		};
		C5BD48E127AD4C5300D55FFD /* Debug */ = {
			isa = XCBuildConfiguration;
			buildSettings = {
				ASSETCATALOG_COMPILER_APPICON_NAME = AppIcon;
				ASSETCATALOG_COMPILER_GLOBAL_ACCENT_COLOR_NAME = AccentColor;
				CODE_SIGN_STYLE = Automatic;
				CURRENT_PROJECT_VERSION = 1;
				DEVELOPMENT_ASSET_PATHS = "\"CommentCardWriter/Preview Content\"";
				ENABLE_PREVIEWS = YES;
				GENERATE_INFOPLIST_FILE = YES;
				INFOPLIST_KEY_UIApplicationSceneManifest_Generation = YES;
				INFOPLIST_KEY_UIApplicationSupportsIndirectInputEvents = YES;
				INFOPLIST_KEY_UILaunchScreen_Generation = YES;
				INFOPLIST_KEY_UISupportedInterfaceOrientations_iPad = "UIInterfaceOrientationPortrait UIInterfaceOrientationPortraitUpsideDown UIInterfaceOrientationLandscapeLeft UIInterfaceOrientationLandscapeRight";
				INFOPLIST_KEY_UISupportedInterfaceOrientations_iPhone = "UIInterfaceOrientationPortrait UIInterfaceOrientationLandscapeLeft UIInterfaceOrientationLandscapeRight";
				LD_RUNPATH_SEARCH_PATHS = (
					"$(inherited)",
					"@executable_path/Frameworks",
				);
				MARKETING_VERSION = 1.0;
				PRODUCT_BUNDLE_IDENTIFIER = com.wtao.CommentCardWriter;
				PRODUCT_NAME = "$(TARGET_NAME)";
				SWIFT_EMIT_LOC_STRINGS = YES;
				SWIFT_VERSION = 5.0;
				TARGETED_DEVICE_FAMILY = "1,2";
			};
			name = Debug;
		};
		C5BD48E227AD4C5300D55FFD /* Release */ = {
			isa = XCBuildConfiguration;
			buildSettings = {
				ASSETCATALOG_COMPILER_APPICON_NAME = AppIcon;
				ASSETCATALOG_COMPILER_GLOBAL_ACCENT_COLOR_NAME = AccentColor;
				CODE_SIGN_STYLE = Automatic;
				CURRENT_PROJECT_VERSION = 1;
				DEVELOPMENT_ASSET_PATHS = "\"CommentCardWriter/Preview Content\"";
				ENABLE_PREVIEWS = YES;
				GENERATE_INFOPLIST_FILE = YES;
				INFOPLIST_KEY_UIApplicationSceneManifest_Generation = YES;
				INFOPLIST_KEY_UIApplicationSupportsIndirectInputEvents = YES;
				INFOPLIST_KEY_UILaunchScreen_Generation = YES;
				INFOPLIST_KEY_UISupportedInterfaceOrientations_iPad = "UIInterfaceOrientationPortrait UIInterfaceOrientationPortraitUpsideDown UIInterfaceOrientationLandscapeLeft UIInterfaceOrientationLandscapeRight";
				INFOPLIST_KEY_UISupportedInterfaceOrientations_iPhone = "UIInterfaceOrientationPortrait UIInterfaceOrientationLandscapeLeft UIInterfaceOrientationLandscapeRight";
				LD_RUNPATH_SEARCH_PATHS = (
					"$(inherited)",
					"@executable_path/Frameworks",
				);
				MARKETING_VERSION = 1.0;
				PRODUCT_BUNDLE_IDENTIFIER = com.wtao.CommentCardWriter;
				PRODUCT_NAME = "$(TARGET_NAME)";
				SWIFT_EMIT_LOC_STRINGS = YES;
				SWIFT_VERSION = 5.0;
				TARGETED_DEVICE_FAMILY = "1,2";
			};
			name = Release;
		};
		C5BD48E427AD4C5300D55FFD /* Debug */ = {
			isa = XCBuildConfiguration;
			buildSettings = {
				ALWAYS_EMBED_SWIFT_STANDARD_LIBRARIES = YES;
				BUNDLE_LOADER = "$(TEST_HOST)";
				CODE_SIGN_STYLE = Automatic;
				CURRENT_PROJECT_VERSION = 1;
				GENERATE_INFOPLIST_FILE = YES;
				IPHONEOS_DEPLOYMENT_TARGET = 15.2;
				MARKETING_VERSION = 1.0;
				PRODUCT_BUNDLE_IDENTIFIER = com.wtao.CommentCardWriterTests;
				PRODUCT_NAME = "$(TARGET_NAME)";
				SWIFT_EMIT_LOC_STRINGS = NO;
				SWIFT_VERSION = 5.0;
				TARGETED_DEVICE_FAMILY = "1,2";
				TEST_HOST = "$(BUILT_PRODUCTS_DIR)/CommentCardWriter.app/CommentCardWriter";
			};
			name = Debug;
		};
		C5BD48E527AD4C5300D55FFD /* Release */ = {
			isa = XCBuildConfiguration;
			buildSettings = {
				ALWAYS_EMBED_SWIFT_STANDARD_LIBRARIES = YES;
				BUNDLE_LOADER = "$(TEST_HOST)";
				CODE_SIGN_STYLE = Automatic;
				CURRENT_PROJECT_VERSION = 1;
				GENERATE_INFOPLIST_FILE = YES;
				IPHONEOS_DEPLOYMENT_TARGET = 15.2;
				MARKETING_VERSION = 1.0;
				PRODUCT_BUNDLE_IDENTIFIER = com.wtao.CommentCardWriterTests;
				PRODUCT_NAME = "$(TARGET_NAME)";
				SWIFT_EMIT_LOC_STRINGS = NO;
				SWIFT_VERSION = 5.0;
				TARGETED_DEVICE_FAMILY = "1,2";
				TEST_HOST = "$(BUILT_PRODUCTS_DIR)/CommentCardWriter.app/CommentCardWriter";
			};
			name = Release;
		};
		C5BD48E727AD4C5300D55FFD /* Debug */ = {
			isa = XCBuildConfiguration;
			buildSettings = {
				ALWAYS_EMBED_SWIFT_STANDARD_LIBRARIES = YES;
				CODE_SIGN_STYLE = Automatic;
				CURRENT_PROJECT_VERSION = 1;
				GENERATE_INFOPLIST_FILE = YES;
				MARKETING_VERSION = 1.0;
				PRODUCT_BUNDLE_IDENTIFIER = com.wtao.CommentCardWriterUITests;
				PRODUCT_NAME = "$(TARGET_NAME)";
				SWIFT_EMIT_LOC_STRINGS = NO;
				SWIFT_VERSION = 5.0;
				TARGETED_DEVICE_FAMILY = "1,2";
				TEST_TARGET_NAME = CommentCardWriter;
			};
			name = Debug;
		};
		C5BD48E827AD4C5300D55FFD /* Release */ = {
			isa = XCBuildConfiguration;
			buildSettings = {
				ALWAYS_EMBED_SWIFT_STANDARD_LIBRARIES = YES;
				CODE_SIGN_STYLE = Automatic;
				CURRENT_PROJECT_VERSION = 1;
				GENERATE_INFOPLIST_FILE = YES;
				MARKETING_VERSION = 1.0;
				PRODUCT_BUNDLE_IDENTIFIER = com.wtao.CommentCardWriterUITests;
				PRODUCT_NAME = "$(TARGET_NAME)";
				SWIFT_EMIT_LOC_STRINGS = NO;
				SWIFT_VERSION = 5.0;
				TARGETED_DEVICE_FAMILY = "1,2";
				TEST_TARGET_NAME = CommentCardWriter;
			};
			name = Release;
		};
/* End XCBuildConfiguration section */

/* Begin XCConfigurationList section */
		C5BD48B727AD4C5100D55FFD /* Build configuration list for PBXProject "CommentCardWriter" */ = {
			isa = XCConfigurationList;
			buildConfigurations = (
				C5BD48DE27AD4C5300D55FFD /* Debug */,
				C5BD48DF27AD4C5300D55FFD /* Release */,
			);
			defaultConfigurationIsVisible = 0;
			defaultConfigurationName = Release;
		};
		C5BD48E027AD4C5300D55FFD /* Build configuration list for PBXNativeTarget "CommentCardWriter" */ = {
			isa = XCConfigurationList;
			buildConfigurations = (
				C5BD48E127AD4C5300D55FFD /* Debug */,
				C5BD48E227AD4C5300D55FFD /* Release */,
			);
			defaultConfigurationIsVisible = 0;
			defaultConfigurationName = Release;
		};
		C5BD48E327AD4C5300D55FFD /* Build configuration list for PBXNativeTarget "CommentCardWriterTests" */ = {
			isa = XCConfigurationList;
			buildConfigurations = (
				C5BD48E427AD4C5300D55FFD /* Debug */,
				C5BD48E527AD4C5300D55FFD /* Release */,
			);
			defaultConfigurationIsVisible = 0;
			defaultConfigurationName = Release;
		};
		C5BD48E627AD4C5300D55FFD /* Build configuration list for PBXNativeTarget "CommentCardWriterUITests" */ = {
			isa = XCConfigurationList;
			buildConfigurations = (
				C5BD48E727AD4C5300D55FFD /* Debug */,
				C5BD48E827AD4C5300D55FFD /* Release */,
			);
			defaultConfigurationIsVisible = 0;
			defaultConfigurationName = Release;
		};
/* End XCConfigurationList section */
	};
	rootObject = C5BD48B427AD4C5100D55FFD /* Project object */;
}
